<?xml version="1.0" encoding="utf-8"?>
<Project ToolsVersion="4.0" xmlns="http://schemas.microsoft.com/developer/msbuild/2003">
  <ItemGroup>
    <Filter Include="Source files">
      <UniqueIdentifier>{4FC737F1-C7A5-4376-A066-2A32D752A2FF}</UniqueIdentifier>
      <Extensions>cpp;c;cc;cxx;c++;cppm;ixx;def;odl;idl;hpj;bat;asm;asmx</Extensions>
    </Filter>
    <Filter Include="Header files">
      <UniqueIdentifier>{93995380-89BD-4b04-88EB-625FBE52EBFB}</UniqueIdentifier>
      <Extensions>h;hh;hpp;hxx;h++;hm;inl;inc;ipp;xsd</Extensions>
    </Filter>
    <Filter Include="Resource files">
      <UniqueIdentifier>{67DA6AB6-F800-4c08-8B7A-83BB121AAD01}</UniqueIdentifier>
      <Extensions>rc;ico;cur;bmp;dlg;rc2;rct;bin;rgs;gif;jpg;jpeg;jpe;resx;tiff;tif;png;wav;mfcribbon-ms</Extensions>
    </Filter>
  </ItemGroup>
  <ItemGroup>
    <ClCompile Include="prebuilt_win_ossl\applink.c">
      <Filter>Source files</Filter>
    </ClCompile>
    <ClCompile Include="..\src\main.c">
      <Filter>Source files</Filter>
    </ClCompile>
    <ClCompile Include="..\src\osslimpl.c">
      <Filter>Source files</Filter>
    </ClCompile>
    <ClCompile Include="..\src\pgpimpl.c">
      <Filter>Source files</Filter>
    </ClCompile>
    <ClCompile Include="..\src\pkcs11impl.c">
      <Filter>Source files</Filter>
    </ClCompile>
    <ClCompile Include="..\src\tests.c">
      <Filter>Source files</Filter>
    </ClCompile>
    <ClCompile Include="..\src\utils.c">
      <Filter>Source files</Filter>
    </ClCompile>
    <ClCompile Include="..\src\wintools.cpp">
      <Filter>Source files</Filter>
    </ClCompile>
  </ItemGroup>
  <ItemGroup>
    <ClInclude Include="..\inc\osslimpl.h">
      <Filter>Header files</Filter>
    </ClInclude>
    <ClInclude Include="..\inc\pgpimpl.h">
      <Filter>Header files</Filter>
    </ClInclude>
    <ClInclude Include="..\inc\pkcs11.h">
      <Filter>Header files</Filter>
    </ClInclude>
    <ClInclude Include="..\inc\pkcs11f.h">
      <Filter>Header files</Filter>
    </ClInclude>
    <ClInclude Include="..\inc\pkcs11impl.h">
      <Filter>Header files</Filter>
    </ClInclude>
    <ClInclude Include="..\inc\pkcs11t.h">
      <Filter>Header files</Filter>
    </ClInclude>
    <ClInclude Include="..\inc\tests.h">
      <Filter>Header files</Filter>
    </ClInclude>
    <ClInclude Include="..\inc\utils.h">
      <Filter>Header files</Filter>
    </ClInclude>
    <ClInclude Include="..\inc\x509-2-pgp.h">
      <Filter>Header files</Filter>
    </ClInclude>
  </ItemGroup>
</Project>